{
  "version": 4,
  "terraform_version": "1.5.7",
  "serial": 3,
  "lineage": "16ea82d9-a7a1-428b-aaa0-8313b74f71da",
  "outputs": {},
  "resources": [
    {
      "mode": "managed",
      "type": "argocd_application",
      "name": "helm",
      "provider": "provider[\"registry.terraform.io/oboukili/argocd\"]",
      "instances": [
        {
          "schema_version": 4,
          "attributes": {
            "cascade": true,
            "id": "helm-app-using-terraform:argocd",
            "metadata": [
              {
                "annotations": null,
                "generation": 1,
                "labels": {
                  "test": "true"
                },
                "name": "helm-app-using-terraform",
                "namespace": "argocd",
                "resource_version": "11412",
                "uid": "8d2e4a45-c8de-4f8f-b206-d45ed8478ad8"
              }
            ],
            "spec": [
              {
                "destination": [
                  {
                    "name": "",
                    "namespace": "default",
                    "server": "https://kubernetes.default.svc"
                  }
                ],
                "ignore_difference": [],
                "info": [],
                "project": "default",
                "revision_history_limit": 10,
                "source": [
                  {
                    "chart": "",
                    "directory": [],
                    "helm": [
                      {
                        "file_parameter": [],
                        "ignore_missing_value_files": false,
                        "parameter": [],
                        "pass_credentials": false,
                        "release_name": "",
                        "skip_crds": false,
                        "value_files": [
                          "custom-values.yaml"
                        ],
                        "values": ""
                      }
                    ],
                    "kustomize": [],
                    "path": "v03/helm/nginx",
                    "plugin": [],
                    "ref": "",
                    "repo_url": "https://github.com/chengxufeng1994/gitops-argocd.git",
                    "target_revision": "main"
                  }
                ],
                "sync_policy": []
              }
            ],
            "status": [
              {
                "conditions": [],
                "health": [
                  {
                    "message": "",
                    "status": ""
                  }
                ],
                "operation_state": [],
                "reconciled_at": "",
                "resources": [],
                "summary": [
                  {
                    "external_urls": [],
                    "images": []
                  }
                ],
                "sync": [
                  {
                    "revision": "",
                    "revisions": [],
                    "status": ""
                  }
                ]
              }
            ],
            "timeouts": null,
            "wait": false
          },
          "sensitive_attributes": [],
          "private": "eyJlMmJmYjczMC1lY2FhLTExZTYtOGY4OC0zNDM2M2JjN2M0YzAiOnsiY3JlYXRlIjozMDAwMDAwMDAwMDAsImRlbGV0ZSI6MzAwMDAwMDAwMDAwLCJ1cGRhdGUiOjMwMDAwMDAwMDAwMH0sInNjaGVtYV92ZXJzaW9uIjoiNCJ9"
        }
      ]
    }
  ],
  "check_results": null
}
